
Microsoft Visual Studio Solution File, Format Version 12.00
# Visual Studio Version 17
VisualStudioVersion = 17.4.33122.133
MinimumVisualStudioVersion = 10.0.40219.1
Project("{FAE04EC0-301F-11D3-BF4B-00C04F79EFBC}") = "BuildingMaterials", "BuildingMaterials.csproj", "{761B2835-E787-4EB9-B54D-0747580F2A11}"
EndProject
Global
	GlobalSection(SolutionConfigurationPlatforms) = preSolution
		Debug|Any CPU = Debug|Any CPU
		Release|Any CPU = Release|Any CPU
	EndGlobalSection
	GlobalSection(ProjectConfigurationPlatforms) = postSolution
		{761B2835-E787-4EB9-B54D-0747580F2A11}.Debug|Any CPU.ActiveCfg = Debug|Any CPU
		{761B2835-E787-4EB9-B54D-0747580F2A11}.Debug|Any CPU.Build.0 = Debug|Any CPU
		{761B2835-E787-4EB9-B54D-0747580F2A11}.Release|Any CPU.ActiveCfg = Release|Any CPU
		{761B2835-E787-4EB9-B54D-0747580F2A11}.Release|Any CPU.Build.0 = Release|Any CPU
	EndGlobalSection
	GlobalSection(SolutionProperties) = preSolution
		HideSolutionNode = FALSE
	EndGlobalSection
	GlobalSection(ExtensibilityGlobals) = postSolution
		SolutionGuid = {6C05759B-C0BF-4AD4-BB16-75468B199FA3}
	EndGlobalSection
EndGlobal
